
Microsoft Visual Studio Solution File, Format Version 12.00
# Visual Studio Version 17
VisualStudioVersion = 17.14.36203.30 d17.14
MinimumVisualStudioVersion = 10.0.40219.1
Project("{FAE04EC0-301F-11D3-BF4B-00C04F79EFBC}") = "ClubRegistration_GARCIA", "ClubRegistration_GARCIA\ClubRegistration_GARCIA.csproj", "{E3808ADB-7806-473F-9B90-7917C063EBBA}"
EndProject
Global
	GlobalSection(SolutionConfigurationPlatforms) = preSolution
		Debug|Any CPU = Debug|Any CPU
		Release|Any CPU = Release|Any CPU
	EndGlobalSection
	GlobalSection(ProjectConfigurationPlatforms) = postSolution
		{E3808ADB-7806-473F-9B90-7917C063EBBA}.Debug|Any CPU.ActiveCfg = Debug|Any CPU
		{E3808ADB-7806-473F-9B90-7917C063EBBA}.Debug|Any CPU.Build.0 = Debug|Any CPU
		{E3808ADB-7806-473F-9B90-7917C063EBBA}.Release|Any CPU.ActiveCfg = Release|Any CPU
		{E3808ADB-7806-473F-9B90-7917C063EBBA}.Release|Any CPU.Build.0 = Release|Any CPU
	EndGlobalSection
	GlobalSection(SolutionProperties) = preSolution
		HideSolutionNode = FALSE
	EndGlobalSection
	GlobalSection(ExtensibilityGlobals) = postSolution
		SolutionGuid = {6DB16DF7-1EC9-4630-B220-18F76159CD1F}
	EndGlobalSection
EndGlobal
